github.com/ProgrammerZamanNow/go-say-hello v1.5.0 h1:7a6xV2SstZqmz8HLsNe6KLexrHS0v5Kjj3nlwOzpr/M=
github.com/ProgrammerZamanNow/go-say-hello v1.5.0/go.mod h1:EJJc0H76IhGloHvTvX9ym5EZsGShP2Sf+oeTQGWkzdQ=
github.com/ferripradana/go-say-hello v1.0.0 h1:2KFDvVjnD6ZrGRt/GfP3ChUWtvQ6VIaalQCt4vgT7EE=
github.com/ferripradana/go-say-hello v1.0.0/go.mod h1:LeyrJbxI1BRYXExnIWD1a+2lD3abLSxKcOWtt8BeLkc=
